
Microsoft Visual Studio Solution File, Format Version 12.00
# Visual Studio Version 16
VisualStudioVersion = 16.0.31515.178
MinimumVisualStudioVersion = 10.0.40219.1
Project("{FAE04EC0-301F-11D3-BF4B-00C04F79EFBC}") = "Practica_2", "Practica_2\Practica_2.csproj", "{E5FD2AA7-D71E-4B8B-8CDB-B53ED9A6EC45}"
EndProject
Global
	GlobalSection(SolutionConfigurationPlatforms) = preSolution
		Debug|Any CPU = Debug|Any CPU
		Release|Any CPU = Release|Any CPU
	EndGlobalSection
	GlobalSection(ProjectConfigurationPlatforms) = postSolution
		{E5FD2AA7-D71E-4B8B-8CDB-B53ED9A6EC45}.Debug|Any CPU.ActiveCfg = Debug|Any CPU
		{E5FD2AA7-D71E-4B8B-8CDB-B53ED9A6EC45}.Debug|Any CPU.Build.0 = Debug|Any CPU
		{E5FD2AA7-D71E-4B8B-8CDB-B53ED9A6EC45}.Release|Any CPU.ActiveCfg = Release|Any CPU
		{E5FD2AA7-D71E-4B8B-8CDB-B53ED9A6EC45}.Release|Any CPU.Build.0 = Release|Any CPU
	EndGlobalSection
	GlobalSection(SolutionProperties) = preSolution
		HideSolutionNode = FALSE
	EndGlobalSection
	GlobalSection(ExtensibilityGlobals) = postSolution
		SolutionGuid = {44263580-BEE6-43EC-8273-86F9666AD61C}
	EndGlobalSection
EndGlobal
